
Microsoft Visual Studio Solution File, Format Version 12.00
# Visual Studio Version 17
VisualStudioVersion = 17.0.31903.59
MinimumVisualStudioVersion = 10.0.40219.1
Project("{2150E333-8FDC-42A3-9474-1A3956D46DE8}") = "src", "src", "{3F7EE071-2237-4D33-A766-1C715E8DCADD}"
EndProject
Project("{FAE04EC0-301F-11D3-BF4B-00C04F79EFBC}") = "DineEase.API", "src\API\DineEase.API.csproj", "{73556C12-6E02-4834-835F-5F51BF40B560}"
EndProject
Project("{FAE04EC0-301F-11D3-BF4B-00C04F79EFBC}") = "DineEase.Domain", "src\Domain\DineEase.Domain.csproj", "{ACCB5EC6-306D-4058-BC13-2E424CC9386E}"
EndProject
Project("{FAE04EC0-301F-11D3-BF4B-00C04F79EFBC}") = "DineEase.Application", "src\Application\DineEase.Application.csproj", "{33F8F349-E5DC-4648-8E18-6C9129DEFF1E}"
EndProject
Project("{2150E333-8FDC-42A3-9474-1A3956D46DE8}") = "Infrastructure", "Infrastructure", "{E7E8E506-BE0B-4B45-A917-6EDF626D68C1}"
EndProject
Project("{FAE04EC0-301F-11D3-BF4B-00C04F79EFBC}") = "DineEase.Infrastructure", "src\Infrastructure\Infrastructure\DineEase.Infrastructure.csproj", "{56D6B1CB-E0C6-40E0-9C59-9DCFE26C1996}"
EndProject
Project("{FAE04EC0-301F-11D3-BF4B-00C04F79EFBC}") = "DineEase.Persistance", "src\Infrastructure\Persistance\DineEase.Persistance.csproj", "{B25C1E37-B19B-4982-9A31-E1AE67D1E390}"
EndProject
Global
	GlobalSection(SolutionConfigurationPlatforms) = preSolution
		Debug|Any CPU = Debug|Any CPU
		Release|Any CPU = Release|Any CPU
	EndGlobalSection
	GlobalSection(SolutionProperties) = preSolution
		HideSolutionNode = FALSE
	EndGlobalSection
	GlobalSection(ProjectConfigurationPlatforms) = postSolution
		{73556C12-6E02-4834-835F-5F51BF40B560}.Debug|Any CPU.ActiveCfg = Debug|Any CPU
		{73556C12-6E02-4834-835F-5F51BF40B560}.Debug|Any CPU.Build.0 = Debug|Any CPU
		{73556C12-6E02-4834-835F-5F51BF40B560}.Release|Any CPU.ActiveCfg = Release|Any CPU
		{73556C12-6E02-4834-835F-5F51BF40B560}.Release|Any CPU.Build.0 = Release|Any CPU
		{ACCB5EC6-306D-4058-BC13-2E424CC9386E}.Debug|Any CPU.ActiveCfg = Debug|Any CPU
		{ACCB5EC6-306D-4058-BC13-2E424CC9386E}.Debug|Any CPU.Build.0 = Debug|Any CPU
		{ACCB5EC6-306D-4058-BC13-2E424CC9386E}.Release|Any CPU.ActiveCfg = Release|Any CPU
		{ACCB5EC6-306D-4058-BC13-2E424CC9386E}.Release|Any CPU.Build.0 = Release|Any CPU
		{33F8F349-E5DC-4648-8E18-6C9129DEFF1E}.Debug|Any CPU.ActiveCfg = Debug|Any CPU
		{33F8F349-E5DC-4648-8E18-6C9129DEFF1E}.Debug|Any CPU.Build.0 = Debug|Any CPU
		{33F8F349-E5DC-4648-8E18-6C9129DEFF1E}.Release|Any CPU.ActiveCfg = Release|Any CPU
		{33F8F349-E5DC-4648-8E18-6C9129DEFF1E}.Release|Any CPU.Build.0 = Release|Any CPU
		{56D6B1CB-E0C6-40E0-9C59-9DCFE26C1996}.Debug|Any CPU.ActiveCfg = Debug|Any CPU
		{56D6B1CB-E0C6-40E0-9C59-9DCFE26C1996}.Debug|Any CPU.Build.0 = Debug|Any CPU
		{56D6B1CB-E0C6-40E0-9C59-9DCFE26C1996}.Release|Any CPU.ActiveCfg = Release|Any CPU
		{56D6B1CB-E0C6-40E0-9C59-9DCFE26C1996}.Release|Any CPU.Build.0 = Release|Any CPU
		{B25C1E37-B19B-4982-9A31-E1AE67D1E390}.Debug|Any CPU.ActiveCfg = Debug|Any CPU
		{B25C1E37-B19B-4982-9A31-E1AE67D1E390}.Debug|Any CPU.Build.0 = Debug|Any CPU
		{B25C1E37-B19B-4982-9A31-E1AE67D1E390}.Release|Any CPU.ActiveCfg = Release|Any CPU
		{B25C1E37-B19B-4982-9A31-E1AE67D1E390}.Release|Any CPU.Build.0 = Release|Any CPU
	EndGlobalSection
	GlobalSection(NestedProjects) = preSolution
		{73556C12-6E02-4834-835F-5F51BF40B560} = {3F7EE071-2237-4D33-A766-1C715E8DCADD}
		{ACCB5EC6-306D-4058-BC13-2E424CC9386E} = {3F7EE071-2237-4D33-A766-1C715E8DCADD}
		{33F8F349-E5DC-4648-8E18-6C9129DEFF1E} = {3F7EE071-2237-4D33-A766-1C715E8DCADD}
		{E7E8E506-BE0B-4B45-A917-6EDF626D68C1} = {3F7EE071-2237-4D33-A766-1C715E8DCADD}
		{56D6B1CB-E0C6-40E0-9C59-9DCFE26C1996} = {E7E8E506-BE0B-4B45-A917-6EDF626D68C1}
		{B25C1E37-B19B-4982-9A31-E1AE67D1E390} = {E7E8E506-BE0B-4B45-A917-6EDF626D68C1}
	EndGlobalSection
EndGlobal
